
Microsoft Visual Studio Solution File, Format Version 12.00
# Visual Studio 2013
VisualStudioVersion = 12.0.30501.0
MinimumVisualStudioVersion = 10.0.40219.1
Project("{FAE04EC0-301F-11D3-BF4B-00C04F79EFBC}") = "WMIS", "WMIS\WMIS.csproj", "{1E36421F-1E5B-4EF7-9076-EFF237C49FDE}"
EndProject
Project("{00D1A9C2-B5F0-4AF3-8072-F6C62B433612}") = "WMIS.Database", "WMIS.Database\WMIS.Database.sqlproj", "{BE692EBF-2C1D-43EB-86EB-4A130DBAEA62}"
EndProject
Global
	GlobalSection(SolutionConfigurationPlatforms) = preSolution
		Debug|Any CPU = Debug|Any CPU
		Release|Any CPU = Release|Any CPU
	EndGlobalSection
	GlobalSection(ProjectConfigurationPlatforms) = postSolution
		{1E36421F-1E5B-4EF7-9076-EFF237C49FDE}.Debug|Any CPU.ActiveCfg = Debug|Any CPU
		{1E36421F-1E5B-4EF7-9076-EFF237C49FDE}.Debug|Any CPU.Build.0 = Debug|Any CPU
		{1E36421F-1E5B-4EF7-9076-EFF237C49FDE}.Release|Any CPU.ActiveCfg = Release|Any CPU
		{1E36421F-1E5B-4EF7-9076-EFF237C49FDE}.Release|Any CPU.Build.0 = Release|Any CPU
		{BE692EBF-2C1D-43EB-86EB-4A130DBAEA62}.Debug|Any CPU.ActiveCfg = Debug|Any CPU
		{BE692EBF-2C1D-43EB-86EB-4A130DBAEA62}.Debug|Any CPU.Build.0 = Debug|Any CPU
		{BE692EBF-2C1D-43EB-86EB-4A130DBAEA62}.Debug|Any CPU.Deploy.0 = Debug|Any CPU
		{BE692EBF-2C1D-43EB-86EB-4A130DBAEA62}.Release|Any CPU.ActiveCfg = Release|Any CPU
		{BE692EBF-2C1D-43EB-86EB-4A130DBAEA62}.Release|Any CPU.Build.0 = Release|Any CPU
		{BE692EBF-2C1D-43EB-86EB-4A130DBAEA62}.Release|Any CPU.Deploy.0 = Release|Any CPU
	EndGlobalSection
	GlobalSection(SolutionProperties) = preSolution
		HideSolutionNode = FALSE
	EndGlobalSection
EndGlobal
