
Microsoft Visual Studio Solution File, Format Version 12.00
# Visual Studio 2013
VisualStudioVersion = 12.0.30501.0
MinimumVisualStudioVersion = 10.0.40219.1
Project("{FAE04EC0-301F-11D3-BF4B-00C04F79EFBC}") = "Wmis", "Wmis\Wmis.csproj", "{1E36421F-1E5B-4EF7-9076-EFF237C49FDE}"
EndProject
Project("{2150E333-8FDC-42A3-9474-1A3956D46DE8}") = "Deploy Scripts", "Deploy Scripts", "{0E72B27A-B8C0-45C5-A627-9CACDF866E45}"
	ProjectSection(SolutionItems) = preProject
		_DeployScripts\DeployDatabase.bat = _DeployScripts\DeployDatabase.bat
		_DeployScripts\DeployDatabase.msbuild = _DeployScripts\DeployDatabase.msbuild
		_DeployScripts\DeployWebsite.bat = _DeployScripts\DeployWebsite.bat
		_DeployScripts\DeployWebsite.msbuild = _DeployScripts\DeployWebsite.msbuild
		_DeployScripts\PowerShellCheatSheet.txt = _DeployScripts\PowerShellCheatSheet.txt
		_DeployScripts\provision-webserver.ps1 = _DeployScripts\provision-webserver.ps1
		_DeployScripts\WebDeploy.msbuild = _DeployScripts\WebDeploy.msbuild
	EndProjectSection
EndProject
Project("{00D1A9C2-B5F0-4AF3-8072-F6C62B433612}") = "Wmis.Database", "Wmis.Database\Wmis.Database.sqlproj", "{BE692EBF-2C1D-43EB-86EB-4A130DBAEA62}"
EndProject
Project("{FAE04EC0-301F-11D3-BF4B-00C04F79EFBC}") = "Wmis.Test", "Wmis.Test\Wmis.Test.csproj", "{2A27EFF5-23C1-4962-A252-5AC246E0AF64}"
EndProject
Global
	GlobalSection(SolutionConfigurationPlatforms) = preSolution
		Debug|Any CPU = Debug|Any CPU
		Release|Any CPU = Release|Any CPU
	EndGlobalSection
	GlobalSection(ProjectConfigurationPlatforms) = postSolution
		{1E36421F-1E5B-4EF7-9076-EFF237C49FDE}.Debug|Any CPU.ActiveCfg = Debug|Any CPU
		{1E36421F-1E5B-4EF7-9076-EFF237C49FDE}.Debug|Any CPU.Build.0 = Debug|Any CPU
		{1E36421F-1E5B-4EF7-9076-EFF237C49FDE}.Release|Any CPU.ActiveCfg = Release|Any CPU
		{1E36421F-1E5B-4EF7-9076-EFF237C49FDE}.Release|Any CPU.Build.0 = Release|Any CPU
		{BE692EBF-2C1D-43EB-86EB-4A130DBAEA62}.Debug|Any CPU.ActiveCfg = Debug|Any CPU
		{BE692EBF-2C1D-43EB-86EB-4A130DBAEA62}.Debug|Any CPU.Build.0 = Debug|Any CPU
		{BE692EBF-2C1D-43EB-86EB-4A130DBAEA62}.Debug|Any CPU.Deploy.0 = Debug|Any CPU
		{BE692EBF-2C1D-43EB-86EB-4A130DBAEA62}.Release|Any CPU.ActiveCfg = Release|Any CPU
		{BE692EBF-2C1D-43EB-86EB-4A130DBAEA62}.Release|Any CPU.Build.0 = Release|Any CPU
		{BE692EBF-2C1D-43EB-86EB-4A130DBAEA62}.Release|Any CPU.Deploy.0 = Release|Any CPU
		{2A27EFF5-23C1-4962-A252-5AC246E0AF64}.Debug|Any CPU.ActiveCfg = Debug|Any CPU
		{2A27EFF5-23C1-4962-A252-5AC246E0AF64}.Debug|Any CPU.Build.0 = Debug|Any CPU
		{2A27EFF5-23C1-4962-A252-5AC246E0AF64}.Release|Any CPU.ActiveCfg = Release|Any CPU
		{2A27EFF5-23C1-4962-A252-5AC246E0AF64}.Release|Any CPU.Build.0 = Release|Any CPU
	EndGlobalSection
	GlobalSection(SolutionProperties) = preSolution
		HideSolutionNode = FALSE
	EndGlobalSection
EndGlobal
